
Microsoft Visual Studio Solution File, Format Version 12.00
# Visual Studio Version 16
VisualStudioVersion = 16.0.29920.165
MinimumVisualStudioVersion = 10.0.40219.1
Project("{9A19103F-16F7-4668-BE54-9A1E7A4F7556}") = "TM.Digital.Api", "TM.Digital.Api\TM.Digital.Api.csproj", "{1DE0D005-7DF1-4C46-85AC-FB953729C2C7}"
EndProject
Project("{9A19103F-16F7-4668-BE54-9A1E7A4F7556}") = "TM.Digital.Client", "TM.Digital.Client\TM.Digital.Client.csproj", "{971AB582-C8F3-478F-AE83-20F6D10F2D9C}"
EndProject
Project("{9A19103F-16F7-4668-BE54-9A1E7A4F7556}") = "TM.Digital.Model", "TM.Digital.Model\TM.Digital.Model.csproj", "{8E22B7A4-30A5-4AD1-A3CF-1D5F2BA70240}"
EndProject
Project("{9A19103F-16F7-4668-BE54-9A1E7A4F7556}") = "TM.Digital.Services", "TM.Digital.Services\TM.Digital.Services.csproj", "{0B9F59A3-BD67-426A-A588-5F7A8C972683}"
EndProject
Project("{9A19103F-16F7-4668-BE54-9A1E7A4F7556}") = "TM.Digital.Transport", "TM.Digital.Transport\TM.Digital.Transport.csproj", "{376EDD0F-0345-46E3-A086-B60C8AA34710}"
EndProject
Project("{9A19103F-16F7-4668-BE54-9A1E7A4F7556}") = "TM.Digital.Cards", "TM.Digital.Cards\TM.Digital.Cards.csproj", "{07EB9337-BEE1-4259-9C4A-0390040034C2}"
EndProject
Project("{FAE04EC0-301F-11D3-BF4B-00C04F79EFBC}") = "TM.Digital.UnitTests", "TM.Digital.UnitTests\TM.Digital.UnitTests.csproj", "{72925672-06EB-4121-9AE5-4519DA44A3B4}"
EndProject
Global
	GlobalSection(SolutionConfigurationPlatforms) = preSolution
		Debug|Any CPU = Debug|Any CPU
		Release|Any CPU = Release|Any CPU
	EndGlobalSection
	GlobalSection(ProjectConfigurationPlatforms) = postSolution
		{1DE0D005-7DF1-4C46-85AC-FB953729C2C7}.Debug|Any CPU.ActiveCfg = Debug|Any CPU
		{1DE0D005-7DF1-4C46-85AC-FB953729C2C7}.Debug|Any CPU.Build.0 = Debug|Any CPU
		{1DE0D005-7DF1-4C46-85AC-FB953729C2C7}.Release|Any CPU.ActiveCfg = Release|Any CPU
		{1DE0D005-7DF1-4C46-85AC-FB953729C2C7}.Release|Any CPU.Build.0 = Release|Any CPU
		{971AB582-C8F3-478F-AE83-20F6D10F2D9C}.Debug|Any CPU.ActiveCfg = Debug|Any CPU
		{971AB582-C8F3-478F-AE83-20F6D10F2D9C}.Debug|Any CPU.Build.0 = Debug|Any CPU
		{971AB582-C8F3-478F-AE83-20F6D10F2D9C}.Release|Any CPU.ActiveCfg = Release|Any CPU
		{971AB582-C8F3-478F-AE83-20F6D10F2D9C}.Release|Any CPU.Build.0 = Release|Any CPU
		{8E22B7A4-30A5-4AD1-A3CF-1D5F2BA70240}.Debug|Any CPU.ActiveCfg = Debug|Any CPU
		{8E22B7A4-30A5-4AD1-A3CF-1D5F2BA70240}.Debug|Any CPU.Build.0 = Debug|Any CPU
		{8E22B7A4-30A5-4AD1-A3CF-1D5F2BA70240}.Release|Any CPU.ActiveCfg = Release|Any CPU
		{8E22B7A4-30A5-4AD1-A3CF-1D5F2BA70240}.Release|Any CPU.Build.0 = Release|Any CPU
		{0B9F59A3-BD67-426A-A588-5F7A8C972683}.Debug|Any CPU.ActiveCfg = Debug|Any CPU
		{0B9F59A3-BD67-426A-A588-5F7A8C972683}.Debug|Any CPU.Build.0 = Debug|Any CPU
		{0B9F59A3-BD67-426A-A588-5F7A8C972683}.Release|Any CPU.ActiveCfg = Release|Any CPU
		{0B9F59A3-BD67-426A-A588-5F7A8C972683}.Release|Any CPU.Build.0 = Release|Any CPU
		{376EDD0F-0345-46E3-A086-B60C8AA34710}.Debug|Any CPU.ActiveCfg = Debug|Any CPU
		{376EDD0F-0345-46E3-A086-B60C8AA34710}.Debug|Any CPU.Build.0 = Debug|Any CPU
		{376EDD0F-0345-46E3-A086-B60C8AA34710}.Release|Any CPU.ActiveCfg = Release|Any CPU
		{376EDD0F-0345-46E3-A086-B60C8AA34710}.Release|Any CPU.Build.0 = Release|Any CPU
		{07EB9337-BEE1-4259-9C4A-0390040034C2}.Debug|Any CPU.ActiveCfg = Debug|Any CPU
		{07EB9337-BEE1-4259-9C4A-0390040034C2}.Debug|Any CPU.Build.0 = Debug|Any CPU
		{07EB9337-BEE1-4259-9C4A-0390040034C2}.Release|Any CPU.ActiveCfg = Release|Any CPU
		{07EB9337-BEE1-4259-9C4A-0390040034C2}.Release|Any CPU.Build.0 = Release|Any CPU
		{72925672-06EB-4121-9AE5-4519DA44A3B4}.Debug|Any CPU.ActiveCfg = Debug|Any CPU
		{72925672-06EB-4121-9AE5-4519DA44A3B4}.Debug|Any CPU.Build.0 = Debug|Any CPU
		{72925672-06EB-4121-9AE5-4519DA44A3B4}.Release|Any CPU.ActiveCfg = Release|Any CPU
		{72925672-06EB-4121-9AE5-4519DA44A3B4}.Release|Any CPU.Build.0 = Release|Any CPU
	EndGlobalSection
	GlobalSection(SolutionProperties) = preSolution
		HideSolutionNode = FALSE
	EndGlobalSection
	GlobalSection(ExtensibilityGlobals) = postSolution
		SolutionGuid = {808702EC-87F5-469C-B119-2A82D6192B31}
	EndGlobalSection
EndGlobal
